
Microsoft Visual Studio Solution File, Format Version 12.00
# Visual Studio Version 17
VisualStudioVersion = 17.7.34024.191
MinimumVisualStudioVersion = 10.0.40219.1
Project("{9A19103F-16F7-4668-BE54-9A1E7A4F7556}") = "Entidades", "Entidades\Entidades.csproj", "{55D6EFC9-57E8-400B-9222-AFC61D399379}"
EndProject
Project("{FAE04EC0-301F-11D3-BF4B-00C04F79EFBC}") = "MiCalculadora", "MiCalculadora\MiCalculadora.csproj", "{B21BFFCA-FA78-406D-A352-91CA3093C2D8}"
EndProject
Global
	GlobalSection(SolutionConfigurationPlatforms) = preSolution
		Debug|Any CPU = Debug|Any CPU
		Release|Any CPU = Release|Any CPU
	EndGlobalSection
	GlobalSection(ProjectConfigurationPlatforms) = postSolution
		{55D6EFC9-57E8-400B-9222-AFC61D399379}.Debug|Any CPU.ActiveCfg = Debug|Any CPU
		{55D6EFC9-57E8-400B-9222-AFC61D399379}.Debug|Any CPU.Build.0 = Debug|Any CPU
		{55D6EFC9-57E8-400B-9222-AFC61D399379}.Release|Any CPU.ActiveCfg = Release|Any CPU
		{55D6EFC9-57E8-400B-9222-AFC61D399379}.Release|Any CPU.Build.0 = Release|Any CPU
		{B21BFFCA-FA78-406D-A352-91CA3093C2D8}.Debug|Any CPU.ActiveCfg = Debug|Any CPU
		{B21BFFCA-FA78-406D-A352-91CA3093C2D8}.Debug|Any CPU.Build.0 = Debug|Any CPU
		{B21BFFCA-FA78-406D-A352-91CA3093C2D8}.Release|Any CPU.ActiveCfg = Release|Any CPU
		{B21BFFCA-FA78-406D-A352-91CA3093C2D8}.Release|Any CPU.Build.0 = Release|Any CPU
	EndGlobalSection
	GlobalSection(SolutionProperties) = preSolution
		HideSolutionNode = FALSE
	EndGlobalSection
	GlobalSection(ExtensibilityGlobals) = postSolution
		SolutionGuid = {E1764C28-376D-4310-85CF-8786DF94A0B8}
	EndGlobalSection
EndGlobal
